
Microsoft Visual Studio Solution File, Format Version 12.00
# Visual Studio Version 16
VisualStudioVersion = 16.0.32407.337
MinimumVisualStudioVersion = 10.0.40219.1
Project("{FAE04EC0-301F-11D3-BF4B-00C04F79EFBC}") = "ElevatorSCADA", "ElevatorSCADA\ElevatorSCADA.csproj", "{9CC58D42-91F9-4956-A8DA-860850BF61BA}"
EndProject
Global
	GlobalSection(SolutionConfigurationPlatforms) = preSolution
		Debug|Any CPU = Debug|Any CPU
		Release|Any CPU = Release|Any CPU
	EndGlobalSection
	GlobalSection(ProjectConfigurationPlatforms) = postSolution
		{9CC58D42-91F9-4956-A8DA-860850BF61BA}.Debug|Any CPU.ActiveCfg = Debug|Any CPU
		{9CC58D42-91F9-4956-A8DA-860850BF61BA}.Debug|Any CPU.Build.0 = Debug|Any CPU
		{9CC58D42-91F9-4956-A8DA-860850BF61BA}.Release|Any CPU.ActiveCfg = Release|Any CPU
		{9CC58D42-91F9-4956-A8DA-860850BF61BA}.Release|Any CPU.Build.0 = Release|Any CPU
	EndGlobalSection
	GlobalSection(SolutionProperties) = preSolution
		HideSolutionNode = FALSE
	EndGlobalSection
	GlobalSection(ExtensibilityGlobals) = postSolution
		SolutionGuid = {ABB2179C-1A3E-42AD-906E-7E2DA9C0D120}
	EndGlobalSection
EndGlobal
